
Microsoft Visual Studio Solution File, Format Version 12.00
# Visual Studio Version 17
VisualStudioVersion = 17.0.31903.59
MinimumVisualStudioVersion = 10.0.40219.1
Project("{2150E333-8FDC-42A3-9474-1A3956D46DE8}") = "src", "src", "{E2F996D0-6071-402C-901A-70D432673F0E}"
EndProject
Project("{FAE04EC0-301F-11D3-BF4B-00C04F79EFBC}") = "NetInventory.Domain", "src\NetInventory.Domain\NetInventory.Domain.csproj", "{4F9F2B46-0F72-4511-BD4E-0B0AD2B4E7D0}"
EndProject
Project("{FAE04EC0-301F-11D3-BF4B-00C04F79EFBC}") = "NetInventory.Application", "src\NetInventory.Application\NetInventory.Application.csproj", "{75DF1F10-991C-49D3-907A-27699592A7D0}"
EndProject
Project("{FAE04EC0-301F-11D3-BF4B-00C04F79EFBC}") = "NetInventory.Infrastructure", "src\NetInventory.Infrastructure\NetInventory.Infrastructure.csproj", "{B1FEF721-1F62-43F3-A544-21524E6FAED6}"
EndProject
Project("{FAE04EC0-301F-11D3-BF4B-00C04F79EFBC}") = "NetInventory.Api", "src\NetInventory.Api\NetInventory.Api.csproj", "{7DB6C83A-BAE9-4329-88A0-CC38910E42E0}"
EndProject
Project("{FAE04EC0-301F-11D3-BF4B-00C04F79EFBC}") = "NetInventory.Client", "src\NetInventory.Client\NetInventory.Client.csproj", "{BED3B3AB-06A2-47F2-9DC3-F60EF603A12F}"
EndProject
Project("{2150E333-8FDC-42A3-9474-1A3956D46DE8}") = "tests", "tests", "{57F43C81-D09C-43C9-9E73-8E830DB821E6}"
EndProject
Project("{FAE04EC0-301F-11D3-BF4B-00C04F79EFBC}") = "NetInventory.UnitTests", "tests\NetInventory.UnitTests\NetInventory.UnitTests.csproj", "{09041EB7-5F2D-4860-B67F-24EA4A058219}"
EndProject
Project("{2150E333-8FDC-42A3-9474-1A3956D46DE8}") = "UI", "UI", "{02EA681E-C7D8-13C7-8484-4AC65E1B71E8}"
EndProject
Project("{2150E333-8FDC-42A3-9474-1A3956D46DE8}") = "Api", "Api", "{22B419C8-1533-4AAF-91DD-0C066758B0D1}"
EndProject
Project("{2150E333-8FDC-42A3-9474-1A3956D46DE8}") = "Client", "Client", "{76AC1F69-1EE7-4B69-A276-FC73EB574F93}"
EndProject
Project("{FAE04EC0-301F-11D3-BF4B-00C04F79EFBC}") = "NetInventory.Resources", "src\NetInventory.Resources\NetInventory.Resources.csproj", "{909CBC42-DD36-4E64-9B0E-C29B9502702C}"
EndProject
Global
	GlobalSection(SolutionConfigurationPlatforms) = preSolution
		Debug|Any CPU = Debug|Any CPU
		Release|Any CPU = Release|Any CPU
	EndGlobalSection
	GlobalSection(ProjectConfigurationPlatforms) = postSolution
		{4F9F2B46-0F72-4511-BD4E-0B0AD2B4E7D0}.Debug|Any CPU.ActiveCfg = Debug|Any CPU
		{4F9F2B46-0F72-4511-BD4E-0B0AD2B4E7D0}.Debug|Any CPU.Build.0 = Debug|Any CPU
		{4F9F2B46-0F72-4511-BD4E-0B0AD2B4E7D0}.Release|Any CPU.ActiveCfg = Release|Any CPU
		{4F9F2B46-0F72-4511-BD4E-0B0AD2B4E7D0}.Release|Any CPU.Build.0 = Release|Any CPU
		{75DF1F10-991C-49D3-907A-27699592A7D0}.Debug|Any CPU.ActiveCfg = Debug|Any CPU
		{75DF1F10-991C-49D3-907A-27699592A7D0}.Debug|Any CPU.Build.0 = Debug|Any CPU
		{75DF1F10-991C-49D3-907A-27699592A7D0}.Release|Any CPU.ActiveCfg = Release|Any CPU
		{75DF1F10-991C-49D3-907A-27699592A7D0}.Release|Any CPU.Build.0 = Release|Any CPU
		{B1FEF721-1F62-43F3-A544-21524E6FAED6}.Debug|Any CPU.ActiveCfg = Debug|Any CPU
		{B1FEF721-1F62-43F3-A544-21524E6FAED6}.Debug|Any CPU.Build.0 = Debug|Any CPU
		{B1FEF721-1F62-43F3-A544-21524E6FAED6}.Release|Any CPU.ActiveCfg = Release|Any CPU
		{B1FEF721-1F62-43F3-A544-21524E6FAED6}.Release|Any CPU.Build.0 = Release|Any CPU
		{7DB6C83A-BAE9-4329-88A0-CC38910E42E0}.Debug|Any CPU.ActiveCfg = Debug|Any CPU
		{7DB6C83A-BAE9-4329-88A0-CC38910E42E0}.Debug|Any CPU.Build.0 = Debug|Any CPU
		{7DB6C83A-BAE9-4329-88A0-CC38910E42E0}.Release|Any CPU.ActiveCfg = Release|Any CPU
		{7DB6C83A-BAE9-4329-88A0-CC38910E42E0}.Release|Any CPU.Build.0 = Release|Any CPU
		{BED3B3AB-06A2-47F2-9DC3-F60EF603A12F}.Debug|Any CPU.ActiveCfg = Debug|Any CPU
		{BED3B3AB-06A2-47F2-9DC3-F60EF603A12F}.Debug|Any CPU.Build.0 = Debug|Any CPU
		{BED3B3AB-06A2-47F2-9DC3-F60EF603A12F}.Release|Any CPU.ActiveCfg = Release|Any CPU
		{BED3B3AB-06A2-47F2-9DC3-F60EF603A12F}.Release|Any CPU.Build.0 = Release|Any CPU
		{09041EB7-5F2D-4860-B67F-24EA4A058219}.Debug|Any CPU.ActiveCfg = Debug|Any CPU
		{09041EB7-5F2D-4860-B67F-24EA4A058219}.Debug|Any CPU.Build.0 = Debug|Any CPU
		{09041EB7-5F2D-4860-B67F-24EA4A058219}.Release|Any CPU.ActiveCfg = Release|Any CPU
		{09041EB7-5F2D-4860-B67F-24EA4A058219}.Release|Any CPU.Build.0 = Release|Any CPU
		{909CBC42-DD36-4E64-9B0E-C29B9502702C}.Debug|Any CPU.ActiveCfg = Debug|Any CPU
		{909CBC42-DD36-4E64-9B0E-C29B9502702C}.Debug|Any CPU.Build.0 = Debug|Any CPU
		{909CBC42-DD36-4E64-9B0E-C29B9502702C}.Release|Any CPU.ActiveCfg = Release|Any CPU
		{909CBC42-DD36-4E64-9B0E-C29B9502702C}.Release|Any CPU.Build.0 = Release|Any CPU
	EndGlobalSection
	GlobalSection(SolutionProperties) = preSolution
		HideSolutionNode = FALSE
	EndGlobalSection
	GlobalSection(NestedProjects) = preSolution
		{4F9F2B46-0F72-4511-BD4E-0B0AD2B4E7D0} = {22B419C8-1533-4AAF-91DD-0C066758B0D1}
		{75DF1F10-991C-49D3-907A-27699592A7D0} = {22B419C8-1533-4AAF-91DD-0C066758B0D1}
		{B1FEF721-1F62-43F3-A544-21524E6FAED6} = {22B419C8-1533-4AAF-91DD-0C066758B0D1}
		{7DB6C83A-BAE9-4329-88A0-CC38910E42E0} = {22B419C8-1533-4AAF-91DD-0C066758B0D1}
		{BED3B3AB-06A2-47F2-9DC3-F60EF603A12F} = {76AC1F69-1EE7-4B69-A276-FC73EB574F93}
		{09041EB7-5F2D-4860-B67F-24EA4A058219} = {57F43C81-D09C-43C9-9E73-8E830DB821E6}
		{02EA681E-C7D8-13C7-8484-4AC65E1B71E8} = {E2F996D0-6071-402C-901A-70D432673F0E}
		{22B419C8-1533-4AAF-91DD-0C066758B0D1} = {02EA681E-C7D8-13C7-8484-4AC65E1B71E8}
		{76AC1F69-1EE7-4B69-A276-FC73EB574F93} = {02EA681E-C7D8-13C7-8484-4AC65E1B71E8}
		{909CBC42-DD36-4E64-9B0E-C29B9502702C} = {E2F996D0-6071-402C-901A-70D432673F0E}
	EndGlobalSection
	GlobalSection(ExtensibilityGlobals) = postSolution
		SolutionGuid = {46740173-7F3A-4C82-90EA-885384EC3DA2}
	EndGlobalSection
EndGlobal
